# Semgrep + community ruleset version pinning (aggiornato da scripts/sync-semgrep-registry.sh)
semgrep_min_version=1.50.0
community_rulesets_last_sync=2026-05-25
community_rulesets_sha256_p-owasp-top-ten=b1e8db3f1733eb5ab79d03daa32562e795d0bc401ada857edc58957075fea2ad
community_rulesets_sha256_p-javascript=e65e8449157ef5d587f2c2a0c17ed388910ca90336e514d27941ccd25543cf4e
community_rulesets_sha256_p-typescript=63fbcca1826e787ca43282bf139ccec16745ad6551c87850b9ccee9ca9f98c0b
community_rulesets_sha256_p-jwt=a20db414aacf4a71a20ac97737d41dab469867732b8e91647f0ae6301ae2a81f
community_rulesets_sha256_p-xss=be56d1d5e51413dde07ea09c62c22dd3669db75dd703f8e5262c5f75ebaa6f8d
community_rulesets_sha256_p-sql-injection=545169a3362d93f76e21a44dc06e2b8451543518725900b970c09f27707f4694
